
Microsoft Visual Studio Solution File, Format Version 12.00
# Visual Studio Version 17
VisualStudioVersion = 17.8.34330.188
MinimumVisualStudioVersion = 10.0.40219.1
Project("{FAE04EC0-301F-11D3-BF4B-00C04F79EFBC}") = "Teacher_Management_System", "Teacher_Management_System\Teacher_Management_System.csproj", "{8C0A0126-4B56-436F-85F9-7732CBB1EA55}"
EndProject
Project("{FAE04EC0-301F-11D3-BF4B-00C04F79EFBC}") = "Teacher_Management_SystemTestProject", "Teacher_Management_SystemTestProject\Teacher_Management_SystemTestProject.csproj", "{2D07EC52-DD51-47B9-BE3E-E240F25EFE69}"
EndProject
Global
	GlobalSection(SolutionConfigurationPlatforms) = preSolution
		Debug|Any CPU = Debug|Any CPU
		Release|Any CPU = Release|Any CPU
	EndGlobalSection
	GlobalSection(ProjectConfigurationPlatforms) = postSolution
		{8C0A0126-4B56-436F-85F9-7732CBB1EA55}.Debug|Any CPU.ActiveCfg = Debug|Any CPU
		{8C0A0126-4B56-436F-85F9-7732CBB1EA55}.Debug|Any CPU.Build.0 = Debug|Any CPU
		{8C0A0126-4B56-436F-85F9-7732CBB1EA55}.Release|Any CPU.ActiveCfg = Release|Any CPU
		{8C0A0126-4B56-436F-85F9-7732CBB1EA55}.Release|Any CPU.Build.0 = Release|Any CPU
		{2D07EC52-DD51-47B9-BE3E-E240F25EFE69}.Debug|Any CPU.ActiveCfg = Debug|Any CPU
		{2D07EC52-DD51-47B9-BE3E-E240F25EFE69}.Debug|Any CPU.Build.0 = Debug|Any CPU
		{2D07EC52-DD51-47B9-BE3E-E240F25EFE69}.Release|Any CPU.ActiveCfg = Release|Any CPU
		{2D07EC52-DD51-47B9-BE3E-E240F25EFE69}.Release|Any CPU.Build.0 = Release|Any CPU
	EndGlobalSection
	GlobalSection(SolutionProperties) = preSolution
		HideSolutionNode = FALSE
	EndGlobalSection
	GlobalSection(ExtensibilityGlobals) = postSolution
		SolutionGuid = {98995F33-CC19-4A86-B38B-63AE3E3011A5}
	EndGlobalSection
EndGlobal
